
Microsoft Visual Studio Solution File, Format Version 12.00
# Visual Studio 15
VisualStudioVersion = 15.0.28307.329
MinimumVisualStudioVersion = 10.0.40219.1
Project("{FAE04EC0-301F-11D3-BF4B-00C04F79EFBC}") = "3", "3\3.csproj", "{D16BEC77-9153-495D-9F16-487DDEF503AA}"
EndProject
Global
	GlobalSection(SolutionConfigurationPlatforms) = preSolution
		Debug|Any CPU = Debug|Any CPU
		Release|Any CPU = Release|Any CPU
	EndGlobalSection
	GlobalSection(ProjectConfigurationPlatforms) = postSolution
		{D16BEC77-9153-495D-9F16-487DDEF503AA}.Debug|Any CPU.ActiveCfg = Debug|Any CPU
		{D16BEC77-9153-495D-9F16-487DDEF503AA}.Debug|Any CPU.Build.0 = Debug|Any CPU
		{D16BEC77-9153-495D-9F16-487DDEF503AA}.Release|Any CPU.ActiveCfg = Release|Any CPU
		{D16BEC77-9153-495D-9F16-487DDEF503AA}.Release|Any CPU.Build.0 = Release|Any CPU
	EndGlobalSection
	GlobalSection(SolutionProperties) = preSolution
		HideSolutionNode = FALSE
	EndGlobalSection
	GlobalSection(ExtensibilityGlobals) = postSolution
		SolutionGuid = {5EB0F357-5FD9-4967-9AE3-9E70303A3D51}
	EndGlobalSection
EndGlobal
